// !$*UTF8*$!
{
	archiveVersion = 1;
	classes = {
	};
	objectVersion = 51;
	objects = {

/* Begin PBXBuildFile section */
		3A5A271F64A86E6BD149BD5F /* Pods_MKLOCATION_TEST.framework in Frameworks */ = {isa = PBXBuildFile; fileRef = 543FF431DEB0576FAC1ADCD5 /* Pods_MKLOCATION_TEST.framework */; };
		6517C49822B9FED500632B7C /* Assets.xcassets in Resources */ = {isa = PBXBuildFile; fileRef = 6517C49722B9FED500632B7C /* Assets.xcassets */; };
		6517C49A22BA070100632B7C /* HomeViewController.swift in Sources */ = {isa = PBXBuildFile; fileRef = 6517C49922BA070100632B7C /* HomeViewController.swift */; };
		65A2DC9B22B6CC6500003A6B /* LocationSearchTable.swift in Sources */ = {isa = PBXBuildFile; fileRef = 65A2DC9A22B6CC6500003A6B /* LocationSearchTable.swift */; };
		65AEFE5C22AFA7F800DF51CA /* AppDelegate.swift in Sources */ = {isa = PBXBuildFile; fileRef = 65AEFE5B22AFA7F800DF51CA /* AppDelegate.swift */; };
		65AEFE5E22AFA7F800DF51CA /* ViewController.swift in Sources */ = {isa = PBXBuildFile; fileRef = 65AEFE5D22AFA7F800DF51CA /* ViewController.swift */; };
		65AEFE6122AFA7F800DF51CA /* Main.storyboard in Resources */ = {isa = PBXBuildFile; fileRef = 65AEFE5F22AFA7F800DF51CA /* Main.storyboard */; };
		65AEFE6622AFA7F900DF51CA /* LaunchScreen.storyboard in Resources */ = {isa = PBXBuildFile; fileRef = 65AEFE6422AFA7F900DF51CA /* LaunchScreen.storyboard */; };
		AF34B08222B8A53E00365A3B /* LoginViewController.swift in Sources */ = {isa = PBXBuildFile; fileRef = AF34B08122B8A53E00365A3B /* LoginViewController.swift */; };
		AF34B08422B8B28C00365A3B /* static.swift in Sources */ = {isa = PBXBuildFile; fileRef = AF34B08322B8B28C00365A3B /* static.swift */; };
		AF55F13022B8E97300418250 /* CreateRoomSelectDestController.swift in Sources */ = {isa = PBXBuildFile; fileRef = AF55F12F22B8E97300418250 /* CreateRoomSelectDestController.swift */; };
		AF55F13222B8F2CE00418250 /* CreateRoomController.swift in Sources */ = {isa = PBXBuildFile; fileRef = AF55F13122B8F2CE00418250 /* CreateRoomController.swift */; };
/* End PBXBuildFile section */

/* Begin PBXFileReference section */
		2B5AFA6933F7DB4D685EF6B7 /* Pods-MKLOCATION TEST.debug.xcconfig */ = {isa = PBXFileReference; includeInIndex = 1; lastKnownFileType = text.xcconfig; name = "Pods-MKLOCATION TEST.debug.xcconfig"; path = "Target Support Files/Pods-MKLOCATION TEST/Pods-MKLOCATION TEST.debug.xcconfig"; sourceTree = "<group>"; };
		543FF431DEB0576FAC1ADCD5 /* Pods_MKLOCATION_TEST.framework */ = {isa = PBXFileReference; explicitFileType = wrapper.framework; includeInIndex = 0; path = Pods_MKLOCATION_TEST.framework; sourceTree = BUILT_PRODUCTS_DIR; };
		58B3BA0BB10E5B8315156313 /* Pods-MKLOCATION TEST.release.xcconfig */ = {isa = PBXFileReference; includeInIndex = 1; lastKnownFileType = text.xcconfig; name = "Pods-MKLOCATION TEST.release.xcconfig"; path = "Target Support Files/Pods-MKLOCATION TEST/Pods-MKLOCATION TEST.release.xcconfig"; sourceTree = "<group>"; };
		6517C49722B9FED500632B7C /* Assets.xcassets */ = {isa = PBXFileReference; lastKnownFileType = folder.assetcatalog; path = Assets.xcassets; sourceTree = "<group>"; };
		6517C49922BA070100632B7C /* HomeViewController.swift */ = {isa = PBXFileReference; lastKnownFileType = sourcecode.swift; path = HomeViewController.swift; sourceTree = "<group>"; };
		65A2DC9A22B6CC6500003A6B /* LocationSearchTable.swift */ = {isa = PBXFileReference; fileEncoding = 4; lastKnownFileType = sourcecode.swift; path = LocationSearchTable.swift; sourceTree = "<group>"; };
		65AEFE5822AFA7F800DF51CA /* MKLOCATION TEST.app */ = {isa = PBXFileReference; explicitFileType = wrapper.application; includeInIndex = 0; path = "MKLOCATION TEST.app"; sourceTree = BUILT_PRODUCTS_DIR; };
		65AEFE5B22AFA7F800DF51CA /* AppDelegate.swift */ = {isa = PBXFileReference; lastKnownFileType = sourcecode.swift; path = AppDelegate.swift; sourceTree = "<group>"; };
		65AEFE5D22AFA7F800DF51CA /* ViewController.swift */ = {isa = PBXFileReference; lastKnownFileType = sourcecode.swift; path = ViewController.swift; sourceTree = "<group>"; };
		65AEFE6022AFA7F800DF51CA /* Base */ = {isa = PBXFileReference; lastKnownFileType = file.storyboard; name = Base; path = Base.lproj/Main.storyboard; sourceTree = "<group>"; };
		65AEFE6522AFA7F900DF51CA /* Base */ = {isa = PBXFileReference; lastKnownFileType = file.storyboard; name = Base; path = Base.lproj/LaunchScreen.storyboard; sourceTree = "<group>"; };
		65AEFE6722AFA7F900DF51CA /* Info.plist */ = {isa = PBXFileReference; lastKnownFileType = text.plist.xml; path = Info.plist; sourceTree = "<group>"; };
		AF34B08122B8A53E00365A3B /* LoginViewController.swift */ = {isa = PBXFileReference; lastKnownFileType = sourcecode.swift; path = LoginViewController.swift; sourceTree = "<group>"; };
		AF34B08322B8B28C00365A3B /* static.swift */ = {isa = PBXFileReference; lastKnownFileType = sourcecode.swift; path = static.swift; sourceTree = "<group>"; };
		AF55F12F22B8E97300418250 /* CreateRoomSelectDestController.swift */ = {isa = PBXFileReference; lastKnownFileType = sourcecode.swift; path = CreateRoomSelectDestController.swift; sourceTree = "<group>"; };
		AF55F13122B8F2CE00418250 /* CreateRoomController.swift */ = {isa = PBXFileReference; lastKnownFileType = sourcecode.swift; path = CreateRoomController.swift; sourceTree = "<group>"; };
/* End PBXFileReference section */

/* Begin PBXFrameworksBuildPhase section */
		65AEFE5522AFA7F800DF51CA /* Frameworks */ = {
			isa = PBXFrameworksBuildPhase;
			buildActionMask = 2147483647;
			files = (
				3A5A271F64A86E6BD149BD5F /* Pods_MKLOCATION_TEST.framework in Frameworks */,
			);
			runOnlyForDeploymentPostprocessing = 0;
		};
/* End PBXFrameworksBuildPhase section */

/* Begin PBXGroup section */
		628E0DF79A98D200AC372260 /* Pods */ = {
			isa = PBXGroup;
			children = (
				2B5AFA6933F7DB4D685EF6B7 /* Pods-MKLOCATION TEST.debug.xcconfig */,
				58B3BA0BB10E5B8315156313 /* Pods-MKLOCATION TEST.release.xcconfig */,
			);
			path = Pods;
			sourceTree = "<group>";
		};
		65AEFE4F22AFA7F800DF51CA = {
			isa = PBXGroup;
			children = (
				65AEFE5A22AFA7F800DF51CA /* MKLOCATION TEST */,
				65AEFE5922AFA7F800DF51CA /* Products */,
				628E0DF79A98D200AC372260 /* Pods */,
				AC4766C972BD8ACE6AA1BBF8 /* Frameworks */,
			);
			sourceTree = "<group>";
		};
		65AEFE5922AFA7F800DF51CA /* Products */ = {
			isa = PBXGroup;
			children = (
				65AEFE5822AFA7F800DF51CA /* MKLOCATION TEST.app */,
			);
			name = Products;
			sourceTree = "<group>";
		};
		65AEFE5A22AFA7F800DF51CA /* MKLOCATION TEST */ = {
			isa = PBXGroup;
			children = (
				65AEFE5B22AFA7F800DF51CA /* AppDelegate.swift */,
				AF34B08122B8A53E00365A3B /* LoginViewController.swift */,
				AF55F13122B8F2CE00418250 /* CreateRoomController.swift */,
				AF55F12F22B8E97300418250 /* CreateRoomSelectDestController.swift */,
				65A2DC9A22B6CC6500003A6B /* LocationSearchTable.swift */,
				65AEFE5D22AFA7F800DF51CA /* ViewController.swift */,
				65AEFE5F22AFA7F800DF51CA /* Main.storyboard */,
				6517C49922BA070100632B7C /* HomeViewController.swift */,
				6517C49722B9FED500632B7C /* Assets.xcassets */,
				AF34B08322B8B28C00365A3B /* static.swift */,
				65AEFE6422AFA7F900DF51CA /* LaunchScreen.storyboard */,
				65AEFE6722AFA7F900DF51CA /* Info.plist */,
			);
			path = "MKLOCATION TEST";
			sourceTree = "<group>";
		};
		AC4766C972BD8ACE6AA1BBF8 /* Frameworks */ = {
			isa = PBXGroup;
			children = (
				543FF431DEB0576FAC1ADCD5 /* Pods_MKLOCATION_TEST.framework */,
			);
			name = Frameworks;
			sourceTree = "<group>";
		};
/* End PBXGroup section */

/* Begin PBXNativeTarget section */
		65AEFE5722AFA7F800DF51CA /* MKLOCATION TEST */ = {
			isa = PBXNativeTarget;
			buildConfigurationList = 65AEFE6A22AFA7F900DF51CA /* Build configuration list for PBXNativeTarget "MKLOCATION TEST" */;
			buildPhases = (
				7D2763992232EEB1D4990B6D /* [CP] Check Pods Manifest.lock */,
				65AEFE5422AFA7F800DF51CA /* Sources */,
				65AEFE5522AFA7F800DF51CA /* Frameworks */,
				65AEFE5622AFA7F800DF51CA /* Resources */,
				C4FFD45AE1BA7B75BEE4644E /* [CP] Embed Pods Frameworks */,
			);
			buildRules = (
			);
			dependencies = (
			);
			name = "MKLOCATION TEST";
			productName = "MKLOCATION TEST";
			productReference = 65AEFE5822AFA7F800DF51CA /* MKLOCATION TEST.app */;
			productType = "com.apple.product-type.application";
		};
/* End PBXNativeTarget section */

/* Begin PBXProject section */
		65AEFE5022AFA7F800DF51CA /* Project object */ = {
			isa = PBXProject;
			attributes = {
				LastSwiftUpdateCheck = 1010;
				LastUpgradeCheck = 1010;
				ORGANIZATIONNAME = Sunbu;
				TargetAttributes = {
					65AEFE5722AFA7F800DF51CA = {
						CreatedOnToolsVersion = 10.1;
					};
				};
			};
			buildConfigurationList = 65AEFE5322AFA7F800DF51CA /* Build configuration list for PBXProject "MKLOCATION TEST" */;
			compatibilityVersion = "Xcode 9.3";
			developmentRegion = en;
			hasScannedForEncodings = 0;
			knownRegions = (
				en,
				Base,
			);
			mainGroup = 65AEFE4F22AFA7F800DF51CA;
			productRefGroup = 65AEFE5922AFA7F800DF51CA /* Products */;
			projectDirPath = "";
			projectRoot = "";
			targets = (
				65AEFE5722AFA7F800DF51CA /* MKLOCATION TEST */,
			);
		};
/* End PBXProject section */

/* Begin PBXResourcesBuildPhase section */
		65AEFE5622AFA7F800DF51CA /* Resources */ = {
			isa = PBXResourcesBuildPhase;
			buildActionMask = 2147483647;
			files = (
				65AEFE6622AFA7F900DF51CA /* LaunchScreen.storyboard in Resources */,
				6517C49822B9FED500632B7C /* Assets.xcassets in Resources */,
				65AEFE6122AFA7F800DF51CA /* Main.storyboard in Resources */,
			);
			runOnlyForDeploymentPostprocessing = 0;
		};
/* End PBXResourcesBuildPhase section */

/* Begin PBXShellScriptBuildPhase section */
		7D2763992232EEB1D4990B6D /* [CP] Check Pods Manifest.lock */ = {
			isa = PBXShellScriptBuildPhase;
			buildActionMask = 2147483647;
			files = (
			);
			inputFileListPaths = (
			);
			inputPaths = (
				"${PODS_PODFILE_DIR_PATH}/Podfile.lock",
				"${PODS_ROOT}/Manifest.lock",
			);
			name = "[CP] Check Pods Manifest.lock";
			outputFileListPaths = (
			);
			outputPaths = (
				"$(DERIVED_FILE_DIR)/Pods-MKLOCATION TEST-checkManifestLockResult.txt",
			);
			runOnlyForDeploymentPostprocessing = 0;
			shellPath = /bin/sh;
			shellScript = "diff \"${PODS_PODFILE_DIR_PATH}/Podfile.lock\" \"${PODS_ROOT}/Manifest.lock\" > /dev/null\nif [ $? != 0 ] ; then\n    # print error to STDERR\n    echo \"error: The sandbox is not in sync with the Podfile.lock. Run 'pod install' or update your CocoaPods installation.\" >&2\n    exit 1\nfi\n# This output is used by Xcode 'outputs' to avoid re-running this script phase.\necho \"SUCCESS\" > \"${SCRIPT_OUTPUT_FILE_0}\"\n";
			showEnvVarsInLog = 0;
		};
		C4FFD45AE1BA7B75BEE4644E /* [CP] Embed Pods Frameworks */ = {
			isa = PBXShellScriptBuildPhase;
			buildActionMask = 2147483647;
			files = (
			);
			inputFileListPaths = (
				"${PODS_ROOT}/Target Support Files/Pods-MKLOCATION TEST/Pods-MKLOCATION TEST-frameworks-${CONFIGURATION}-input-files.xcfilelist",
			);
			name = "[CP] Embed Pods Frameworks";
			outputFileListPaths = (
				"${PODS_ROOT}/Target Support Files/Pods-MKLOCATION TEST/Pods-MKLOCATION TEST-frameworks-${CONFIGURATION}-output-files.xcfilelist",
			);
			runOnlyForDeploymentPostprocessing = 0;
			shellPath = /bin/sh;
			shellScript = "\"${PODS_ROOT}/Target Support Files/Pods-MKLOCATION TEST/Pods-MKLOCATION TEST-frameworks.sh\"\n";
			showEnvVarsInLog = 0;
		};
/* End PBXShellScriptBuildPhase section */

/* Begin PBXSourcesBuildPhase section */
		65AEFE5422AFA7F800DF51CA /* Sources */ = {
			isa = PBXSourcesBuildPhase;
			buildActionMask = 2147483647;
			files = (
				AF55F13222B8F2CE00418250 /* CreateRoomController.swift in Sources */,
				AF34B08222B8A53E00365A3B /* LoginViewController.swift in Sources */,
				65A2DC9B22B6CC6500003A6B /* LocationSearchTable.swift in Sources */,
				6517C49A22BA070100632B7C /* HomeViewController.swift in Sources */,
				65AEFE5E22AFA7F800DF51CA /* ViewController.swift in Sources */,
				65AEFE5C22AFA7F800DF51CA /* AppDelegate.swift in Sources */,
				AF55F13022B8E97300418250 /* CreateRoomSelectDestController.swift in Sources */,
				AF34B08422B8B28C00365A3B /* static.swift in Sources */,
			);
			runOnlyForDeploymentPostprocessing = 0;
		};
/* End PBXSourcesBuildPhase section */

/* Begin PBXVariantGroup section */
		65AEFE5F22AFA7F800DF51CA /* Main.storyboard */ = {
			isa = PBXVariantGroup;
			children = (
				65AEFE6022AFA7F800DF51CA /* Base */,
			);
			name = Main.storyboard;
			sourceTree = "<group>";
		};
		65AEFE6422AFA7F900DF51CA /* LaunchScreen.storyboard */ = {
			isa = PBXVariantGroup;
			children = (
				65AEFE6522AFA7F900DF51CA /* Base */,
			);
			name = LaunchScreen.storyboard;
			sourceTree = "<group>";
		};
/* End PBXVariantGroup section */

/* Begin XCBuildConfiguration section */
		65AEFE6822AFA7F900DF51CA /* Debug */ = {
			isa = XCBuildConfiguration;
			buildSettings = {
				ALWAYS_SEARCH_USER_PATHS = NO;
				CLANG_ANALYZER_NONNULL = YES;
				CLANG_ANALYZER_NUMBER_OBJECT_CONVERSION = YES_AGGRESSIVE;
				CLANG_CXX_LANGUAGE_STANDARD = "gnu++14";
				CLANG_CXX_LIBRARY = "libc++";
				CLANG_ENABLE_MODULES = YES;
				CLANG_ENABLE_OBJC_ARC = YES;
				CLANG_ENABLE_OBJC_WEAK = YES;
				CLANG_WARN_BLOCK_CAPTURE_AUTORELEASING = YES;
				CLANG_WARN_BOOL_CONVERSION = YES;
				CLANG_WARN_COMMA = YES;
				CLANG_WARN_CONSTANT_CONVERSION = YES;
				CLANG_WARN_DEPRECATED_OBJC_IMPLEMENTATIONS = YES;
				CLANG_WARN_DIRECT_OBJC_ISA_USAGE = YES_ERROR;
				CLANG_WARN_DOCUMENTATION_COMMENTS = YES;
				CLANG_WARN_EMPTY_BODY = YES;
				CLANG_WARN_ENUM_CONVERSION = YES;
				CLANG_WARN_INFINITE_RECURSION = YES;
				CLANG_WARN_INT_CONVERSION = YES;
				CLANG_WARN_NON_LITERAL_NULL_CONVERSION = YES;
				CLANG_WARN_OBJC_IMPLICIT_RETAIN_SELF = YES;
				CLANG_WARN_OBJC_LITERAL_CONVERSION = YES;
				CLANG_WARN_OBJC_ROOT_CLASS = YES_ERROR;
				CLANG_WARN_RANGE_LOOP_ANALYSIS = YES;
				CLANG_WARN_STRICT_PROTOTYPES = YES;
				CLANG_WARN_SUSPICIOUS_MOVE = YES;
				CLANG_WARN_UNGUARDED_AVAILABILITY = YES_AGGRESSIVE;
				CLANG_WARN_UNREACHABLE_CODE = YES;
				CLANG_WARN__DUPLICATE_METHOD_MATCH = YES;
				CODE_SIGN_IDENTITY = "iPhone Developer";
				COPY_PHASE_STRIP = NO;
				DEBUG_INFORMATION_FORMAT = dwarf;
				ENABLE_STRICT_OBJC_MSGSEND = YES;
				ENABLE_TESTABILITY = YES;
				GCC_C_LANGUAGE_STANDARD = gnu11;
				GCC_DYNAMIC_NO_PIC = NO;
				GCC_NO_COMMON_BLOCKS = YES;
				GCC_OPTIMIZATION_LEVEL = 0;
				GCC_PREPROCESSOR_DEFINITIONS = (
					"DEBUG=1",
					"$(inherited)",
				);
				GCC_WARN_64_TO_32_BIT_CONVERSION = YES;
				GCC_WARN_ABOUT_RETURN_TYPE = YES_ERROR;
				GCC_WARN_UNDECLARED_SELECTOR = YES;
				GCC_WARN_UNINITIALIZED_AUTOS = YES_AGGRESSIVE;
				GCC_WARN_UNUSED_FUNCTION = YES;
				GCC_WARN_UNUSED_VARIABLE = YES;
				IPHONEOS_DEPLOYMENT_TARGET = 12.1;
				MTL_ENABLE_DEBUG_INFO = INCLUDE_SOURCE;
				MTL_FAST_MATH = YES;
				ONLY_ACTIVE_ARCH = YES;
				SDKROOT = iphoneos;
				SWIFT_ACTIVE_COMPILATION_CONDITIONS = DEBUG;
				SWIFT_OPTIMIZATION_LEVEL = "-Onone";
			};
			name = Debug;
		};
		65AEFE6922AFA7F900DF51CA /* Release */ = {
			isa = XCBuildConfiguration;
			buildSettings = {
				ALWAYS_SEARCH_USER_PATHS = NO;
				CLANG_ANALYZER_NONNULL = YES;
				CLANG_ANALYZER_NUMBER_OBJECT_CONVERSION = YES_AGGRESSIVE;
				CLANG_CXX_LANGUAGE_STANDARD = "gnu++14";
				CLANG_CXX_LIBRARY = "libc++";
				CLANG_ENABLE_MODULES = YES;
				CLANG_ENABLE_OBJC_ARC = YES;
				CLANG_ENABLE_OBJC_WEAK = YES;
				CLANG_WARN_BLOCK_CAPTURE_AUTORELEASING = YES;
				CLANG_WARN_BOOL_CONVERSION = YES;
				CLANG_WARN_COMMA = YES;
				CLANG_WARN_CONSTANT_CONVERSION = YES;
				CLANG_WARN_DEPRECATED_OBJC_IMPLEMENTATIONS = YES;
				CLANG_WARN_DIRECT_OBJC_ISA_USAGE = YES_ERROR;
				CLANG_WARN_DOCUMENTATION_COMMENTS = YES;
				CLANG_WARN_EMPTY_BODY = YES;
				CLANG_WARN_ENUM_CONVERSION = YES;
				CLANG_WARN_INFINITE_RECURSION = YES;
				CLANG_WARN_INT_CONVERSION = YES;
				CLANG_WARN_NON_LITERAL_NULL_CONVERSION = YES;
				CLANG_WARN_OBJC_IMPLICIT_RETAIN_SELF = YES;
				CLANG_WARN_OBJC_LITERAL_CONVERSION = YES;
				CLANG_WARN_OBJC_ROOT_CLASS = YES_ERROR;
				CLANG_WARN_RANGE_LOOP_ANALYSIS = YES;
				CLANG_WARN_STRICT_PROTOTYPES = YES;
				CLANG_WARN_SUSPICIOUS_MOVE = YES;
				CLANG_WARN_UNGUARDED_AVAILABILITY = YES_AGGRESSIVE;
				CLANG_WARN_UNREACHABLE_CODE = YES;
				CLANG_WARN__DUPLICATE_METHOD_MATCH = YES;
				CODE_SIGN_IDENTITY = "iPhone Developer";
				COPY_PHASE_STRIP = NO;
				DEBUG_INFORMATION_FORMAT = "dwarf-with-dsym";
				ENABLE_NS_ASSERTIONS = NO;
				ENABLE_STRICT_OBJC_MSGSEND = YES;
				GCC_C_LANGUAGE_STANDARD = gnu11;
				GCC_NO_COMMON_BLOCKS = YES;
				GCC_WARN_64_TO_32_BIT_CONVERSION = YES;
				GCC_WARN_ABOUT_RETURN_TYPE = YES_ERROR;
				GCC_WARN_UNDECLARED_SELECTOR = YES;
				GCC_WARN_UNINITIALIZED_AUTOS = YES_AGGRESSIVE;
				GCC_WARN_UNUSED_FUNCTION = YES;
				GCC_WARN_UNUSED_VARIABLE = YES;
				IPHONEOS_DEPLOYMENT_TARGET = 12.1;
				MTL_ENABLE_DEBUG_INFO = NO;
				MTL_FAST_MATH = YES;
				SDKROOT = iphoneos;
				SWIFT_COMPILATION_MODE = wholemodule;
				SWIFT_OPTIMIZATION_LEVEL = "-O";
				VALIDATE_PRODUCT = YES;
			};
			name = Release;
		};
		65AEFE6B22AFA7F900DF51CA /* Debug */ = {
			isa = XCBuildConfiguration;
			baseConfigurationReference = 2B5AFA6933F7DB4D685EF6B7 /* Pods-MKLOCATION TEST.debug.xcconfig */;
			buildSettings = {
				ASSETCATALOG_COMPILER_APPICON_NAME = AppIcon;
				CODE_SIGN_STYLE = Automatic;
				INFOPLIST_FILE = "MKLOCATION TEST/Info.plist";
				LD_RUNPATH_SEARCH_PATHS = (
					"$(inherited)",
					"@executable_path/Frameworks",
				);
				PRODUCT_BUNDLE_IDENTIFIER = "nptu.oni.MKLOCATION-TEST";
				PRODUCT_NAME = "$(TARGET_NAME)";
				SWIFT_VERSION = 4.2;
				TARGETED_DEVICE_FAMILY = "1,2";
			};
			name = Debug;
		};
		65AEFE6C22AFA7F900DF51CA /* Release */ = {
			isa = XCBuildConfiguration;
			baseConfigurationReference = 58B3BA0BB10E5B8315156313 /* Pods-MKLOCATION TEST.release.xcconfig */;
			buildSettings = {
				ASSETCATALOG_COMPILER_APPICON_NAME = AppIcon;
				CODE_SIGN_STYLE = Automatic;
				INFOPLIST_FILE = "MKLOCATION TEST/Info.plist";
				LD_RUNPATH_SEARCH_PATHS = (
					"$(inherited)",
					"@executable_path/Frameworks",
				);
				PRODUCT_BUNDLE_IDENTIFIER = "nptu.oni.MKLOCATION-TEST";
				PRODUCT_NAME = "$(TARGET_NAME)";
				SWIFT_VERSION = 4.2;
				TARGETED_DEVICE_FAMILY = "1,2";
			};
			name = Release;
		};
/* End XCBuildConfiguration section */

/* Begin XCConfigurationList section */
		65AEFE5322AFA7F800DF51CA /* Build configuration list for PBXProject "MKLOCATION TEST" */ = {
			isa = XCConfigurationList;
			buildConfigurations = (
				65AEFE6822AFA7F900DF51CA /* Debug */,
				65AEFE6922AFA7F900DF51CA /* Release */,
			);
			defaultConfigurationIsVisible = 0;
			defaultConfigurationName = Release;
		};
		65AEFE6A22AFA7F900DF51CA /* Build configuration list for PBXNativeTarget "MKLOCATION TEST" */ = {
			isa = XCConfigurationList;
			buildConfigurations = (
				65AEFE6B22AFA7F900DF51CA /* Debug */,
				65AEFE6C22AFA7F900DF51CA /* Release */,
			);
			defaultConfigurationIsVisible = 0;
			defaultConfigurationName = Release;
		};
/* End XCConfigurationList section */
	};
	rootObject = 65AEFE5022AFA7F800DF51CA /* Project object */;
}
